
Microsoft Visual Studio Solution File, Format Version 12.00
# Visual Studio Version 16
VisualStudioVersion = 16.0.31313.79
MinimumVisualStudioVersion = 10.0.40219.1
Project("{9A19103F-16F7-4668-BE54-9A1E7A4F7556}") = "TestDIConsoleApp", "TestDIConsoleApp.csproj", "{70EACB85-E46C-4B2E-9369-BB4323872454}"
EndProject
Global
	GlobalSection(SolutionConfigurationPlatforms) = preSolution
		Debug|Any CPU = Debug|Any CPU
		Release|Any CPU = Release|Any CPU
	EndGlobalSection
	GlobalSection(ProjectConfigurationPlatforms) = postSolution
		{70EACB85-E46C-4B2E-9369-BB4323872454}.Debug|Any CPU.ActiveCfg = Debug|Any CPU
		{70EACB85-E46C-4B2E-9369-BB4323872454}.Debug|Any CPU.Build.0 = Debug|Any CPU
		{70EACB85-E46C-4B2E-9369-BB4323872454}.Release|Any CPU.ActiveCfg = Release|Any CPU
		{70EACB85-E46C-4B2E-9369-BB4323872454}.Release|Any CPU.Build.0 = Release|Any CPU
	EndGlobalSection
	GlobalSection(SolutionProperties) = preSolution
		HideSolutionNode = FALSE
	EndGlobalSection
	GlobalSection(ExtensibilityGlobals) = postSolution
		SolutionGuid = {CE70BA54-D457-4EE5-9986-5B7BE72A0464}
	EndGlobalSection
EndGlobal
